
Microsoft Visual Studio Solution File, Format Version 10.00
# Visual Studio 2008
Project("{FAE04EC0-301F-11D3-BF4B-00C04F79EFBC}") = "ZwcReaderWCE", "ZwcReaderWCE\ZwcReaderWCE.csproj", "{C1D96569-0C7B-448A-9807-4CAE2E883F6B}"
EndProject
Global
	GlobalSection(SolutionConfigurationPlatforms) = preSolution
		Debug|Any CPU = Debug|Any CPU
		Release|Any CPU = Release|Any CPU
	EndGlobalSection
	GlobalSection(ProjectConfigurationPlatforms) = postSolution
		{C1D96569-0C7B-448A-9807-4CAE2E883F6B}.Debug|Any CPU.ActiveCfg = Debug|Any CPU
		{C1D96569-0C7B-448A-9807-4CAE2E883F6B}.Debug|Any CPU.Build.0 = Debug|Any CPU
		{C1D96569-0C7B-448A-9807-4CAE2E883F6B}.Debug|Any CPU.Deploy.0 = Debug|Any CPU
		{C1D96569-0C7B-448A-9807-4CAE2E883F6B}.Release|Any CPU.ActiveCfg = Debug|Any CPU
		{C1D96569-0C7B-448A-9807-4CAE2E883F6B}.Release|Any CPU.Build.0 = Debug|Any CPU
		{C1D96569-0C7B-448A-9807-4CAE2E883F6B}.Release|Any CPU.Deploy.0 = Debug|Any CPU
	EndGlobalSection
	GlobalSection(SolutionProperties) = preSolution
		HideSolutionNode = FALSE
	EndGlobalSection
EndGlobal
